
Microsoft Visual Studio Solution File, Format Version 12.00
# Visual Studio Version 16
VisualStudioVersion = 16.0.30002.166
MinimumVisualStudioVersion = 10.0.40219.1
Project("{FAE04EC0-301F-11D3-BF4B-00C04F79EFBC}") = "godot2aab", "godot2aab\godot2aab.csproj", "{0B3C9708-D697-4C6C-B871-4E2AD7340BBA}"
EndProject
Global
	GlobalSection(SolutionConfigurationPlatforms) = preSolution
		Debug|Any CPU = Debug|Any CPU
		Release|Any CPU = Release|Any CPU
	EndGlobalSection
	GlobalSection(ProjectConfigurationPlatforms) = postSolution
		{0B3C9708-D697-4C6C-B871-4E2AD7340BBA}.Debug|Any CPU.ActiveCfg = Debug|Any CPU
		{0B3C9708-D697-4C6C-B871-4E2AD7340BBA}.Debug|Any CPU.Build.0 = Debug|Any CPU
		{0B3C9708-D697-4C6C-B871-4E2AD7340BBA}.Release|Any CPU.ActiveCfg = Release|Any CPU
		{0B3C9708-D697-4C6C-B871-4E2AD7340BBA}.Release|Any CPU.Build.0 = Release|Any CPU
	EndGlobalSection
	GlobalSection(SolutionProperties) = preSolution
		HideSolutionNode = FALSE
	EndGlobalSection
	GlobalSection(ExtensibilityGlobals) = postSolution
		SolutionGuid = {A52D18C0-2EF9-4BD7-9D12-DF08CAEF38AE}
	EndGlobalSection
EndGlobal
